
Microsoft Visual Studio Solution File, Format Version 12.00
# Visual Studio Version 16
VisualStudioVersion = 16.0.29911.84
MinimumVisualStudioVersion = 10.0.40219.1
Project("{FAE04EC0-301F-11D3-BF4B-00C04F79EFBC}") = "DatabaseFreeSql", "DatabaseFreeSql.csproj", "{1770543A-F69A-417E-9FCF-F13CBC5724E4}"
EndProject
Global
	GlobalSection(SolutionConfigurationPlatforms) = preSolution
		Debug|Any CPU = Debug|Any CPU
		Release|Any CPU = Release|Any CPU
	EndGlobalSection
	GlobalSection(ProjectConfigurationPlatforms) = postSolution
		{1770543A-F69A-417E-9FCF-F13CBC5724E4}.Debug|Any CPU.ActiveCfg = Debug|Any CPU
		{1770543A-F69A-417E-9FCF-F13CBC5724E4}.Debug|Any CPU.Build.0 = Debug|Any CPU
		{1770543A-F69A-417E-9FCF-F13CBC5724E4}.Release|Any CPU.ActiveCfg = Release|Any CPU
		{1770543A-F69A-417E-9FCF-F13CBC5724E4}.Release|Any CPU.Build.0 = Release|Any CPU
	EndGlobalSection
	GlobalSection(SolutionProperties) = preSolution
		HideSolutionNode = FALSE
	EndGlobalSection
	GlobalSection(ExtensibilityGlobals) = postSolution
		SolutionGuid = {A1D744D7-4CA9-4B0B-8604-E9FCCC0D1542}
	EndGlobalSection
EndGlobal
